
Microsoft Visual Studio Solution File, Format Version 12.00
# Visual Studio Version 16
VisualStudioVersion = 16.0.29123.88
MinimumVisualStudioVersion = 10.0.40219.1
Project("{FAE04EC0-301F-11D3-BF4B-00C04F79EFBC}") = "UI", "UI\UI.csproj", "{0538018F-1F0E-43F9-A0C4-D91722621668}"
EndProject
Project("{FAE04EC0-301F-11D3-BF4B-00C04F79EFBC}") = "Core", "Core\Core.csproj", "{3A42933C-5A3F-429F-9304-D31F0778DB37}"
EndProject
Project("{FAE04EC0-301F-11D3-BF4B-00C04F79EFBC}") = "Interfaces", "Interfaces\Interfaces.csproj", "{FB9427E4-27AC-4C39-A15D-F16640BC3742}"
EndProject
Project("{2150E333-8FDC-42A3-9474-1A3956D46DE8}") = "Services", "Services", "{02E03A92-A0E5-4EE8-AE27-3027FE7F95E7}"
EndProject
Project("{FAE04EC0-301F-11D3-BF4B-00C04F79EFBC}") = "GameServerWCF", "GameServerWCF\GameServerWCF.csproj", "{CBEECCB4-8F62-4961-BDFD-60056F6F2E7C}"
EndProject
Project("{FAE04EC0-301F-11D3-BF4B-00C04F79EFBC}") = "GameServerHost", "GameServerHost\GameServerHost.csproj", "{7FDB3E0D-6896-4D42-9F52-7F6B1A0E5D49}"
EndProject
Project("{FAE04EC0-301F-11D3-BF4B-00C04F79EFBC}") = "DataAccessLayer", "DataAccessLayer\DataAccessLayer.csproj", "{6619D1A1-5602-4E0D-B516-EA3C41E3F81C}"
EndProject
Project("{FAE04EC0-301F-11D3-BF4B-00C04F79EFBC}") = "BusinessLayer", "BusinessLayer\BusinessLayer.csproj", "{8A804401-2103-4ACE-BF68-5EC4CA9E64C2}"
EndProject
Project("{2150E333-8FDC-42A3-9474-1A3956D46DE8}") = "Clients", "Clients", "{84166FA6-F60C-4692-A53E-402D99872088}"
EndProject
Project("{FAE04EC0-301F-11D3-BF4B-00C04F79EFBC}") = "BusinessLayer.Client", "BusinessLayer.Client\BusinessLayer.Client.csproj", "{67667C87-6AC8-4782-9720-9847EB754FD7}"
EndProject
Project("{2150E333-8FDC-42A3-9474-1A3956D46DE8}") = "Main", "Main", "{ECEFC9F7-8F56-468B-9D3D-CACC0C573F4B}"
EndProject
Project("{FAE04EC0-301F-11D3-BF4B-00C04F79EFBC}") = "MainService", "MainService\MainService.csproj", "{AC50AC9F-4125-4FB0-9AB0-A03A64C1E6EF}"
EndProject
Project("{2150E333-8FDC-42A3-9474-1A3956D46DE8}") = "Game", "Game", "{1101B4F2-3ADD-47DC-BC4B-DFD5D779DC2B}"
EndProject
Project("{2150E333-8FDC-42A3-9474-1A3956D46DE8}") = "Shared", "Shared", "{9F2005C8-1F16-4DE1-87D2-27E15F490FC3}"
EndProject
Project("{FAE04EC0-301F-11D3-BF4B-00C04F79EFBC}") = "GameServer.Contracts", "GameServer.Contracts\GameServer.Contracts.csproj", "{81176277-7807-486D-A58D-21BFF264B3EA}"
EndProject
Project("{2150E333-8FDC-42A3-9474-1A3956D46DE8}") = "Login", "Login", "{14BD7A14-F799-4762-8734-2F1D2F819618}"
EndProject
Project("{FAE04EC0-301F-11D3-BF4B-00C04F79EFBC}") = "LoginService", "LoginService\LoginService.csproj", "{52C7719C-BA3A-4136-B673-531AA9892E7F}"
EndProject
Project("{FAE04EC0-301F-11D3-BF4B-00C04F79EFBC}") = "LoginService.Contracts", "LoginService.Contracts\LoginService.Contracts.csproj", "{80030C55-F612-448F-ADB8-F8FF867A64CB}"
EndProject
Project("{FAE04EC0-301F-11D3-BF4B-00C04F79EFBC}") = "LoginService.Bll", "LoginService.Bll\LoginService.Bll.csproj", "{9ED9F54E-41DE-425A-941E-5879BE40E0C2}"
EndProject
Global
	GlobalSection(SolutionConfigurationPlatforms) = preSolution
		Debug|Any CPU = Debug|Any CPU
		Release|Any CPU = Release|Any CPU
	EndGlobalSection
	GlobalSection(ProjectConfigurationPlatforms) = postSolution
		{0538018F-1F0E-43F9-A0C4-D91722621668}.Debug|Any CPU.ActiveCfg = Debug|Any CPU
		{0538018F-1F0E-43F9-A0C4-D91722621668}.Debug|Any CPU.Build.0 = Debug|Any CPU
		{0538018F-1F0E-43F9-A0C4-D91722621668}.Release|Any CPU.ActiveCfg = Release|Any CPU
		{0538018F-1F0E-43F9-A0C4-D91722621668}.Release|Any CPU.Build.0 = Release|Any CPU
		{3A42933C-5A3F-429F-9304-D31F0778DB37}.Debug|Any CPU.ActiveCfg = Debug|Any CPU
		{3A42933C-5A3F-429F-9304-D31F0778DB37}.Debug|Any CPU.Build.0 = Debug|Any CPU
		{3A42933C-5A3F-429F-9304-D31F0778DB37}.Release|Any CPU.ActiveCfg = Release|Any CPU
		{3A42933C-5A3F-429F-9304-D31F0778DB37}.Release|Any CPU.Build.0 = Release|Any CPU
		{FB9427E4-27AC-4C39-A15D-F16640BC3742}.Debug|Any CPU.ActiveCfg = Debug|Any CPU
		{FB9427E4-27AC-4C39-A15D-F16640BC3742}.Debug|Any CPU.Build.0 = Debug|Any CPU
		{FB9427E4-27AC-4C39-A15D-F16640BC3742}.Release|Any CPU.ActiveCfg = Release|Any CPU
		{FB9427E4-27AC-4C39-A15D-F16640BC3742}.Release|Any CPU.Build.0 = Release|Any CPU
		{CBEECCB4-8F62-4961-BDFD-60056F6F2E7C}.Debug|Any CPU.ActiveCfg = Debug|Any CPU
		{CBEECCB4-8F62-4961-BDFD-60056F6F2E7C}.Debug|Any CPU.Build.0 = Debug|Any CPU
		{CBEECCB4-8F62-4961-BDFD-60056F6F2E7C}.Release|Any CPU.ActiveCfg = Release|Any CPU
		{CBEECCB4-8F62-4961-BDFD-60056F6F2E7C}.Release|Any CPU.Build.0 = Release|Any CPU
		{7FDB3E0D-6896-4D42-9F52-7F6B1A0E5D49}.Debug|Any CPU.ActiveCfg = Debug|Any CPU
		{7FDB3E0D-6896-4D42-9F52-7F6B1A0E5D49}.Debug|Any CPU.Build.0 = Debug|Any CPU
		{7FDB3E0D-6896-4D42-9F52-7F6B1A0E5D49}.Release|Any CPU.ActiveCfg = Release|Any CPU
		{7FDB3E0D-6896-4D42-9F52-7F6B1A0E5D49}.Release|Any CPU.Build.0 = Release|Any CPU
		{6619D1A1-5602-4E0D-B516-EA3C41E3F81C}.Debug|Any CPU.ActiveCfg = Debug|Any CPU
		{6619D1A1-5602-4E0D-B516-EA3C41E3F81C}.Debug|Any CPU.Build.0 = Debug|Any CPU
		{6619D1A1-5602-4E0D-B516-EA3C41E3F81C}.Release|Any CPU.ActiveCfg = Release|Any CPU
		{6619D1A1-5602-4E0D-B516-EA3C41E3F81C}.Release|Any CPU.Build.0 = Release|Any CPU
		{8A804401-2103-4ACE-BF68-5EC4CA9E64C2}.Debug|Any CPU.ActiveCfg = Debug|Any CPU
		{8A804401-2103-4ACE-BF68-5EC4CA9E64C2}.Debug|Any CPU.Build.0 = Debug|Any CPU
		{8A804401-2103-4ACE-BF68-5EC4CA9E64C2}.Release|Any CPU.ActiveCfg = Release|Any CPU
		{8A804401-2103-4ACE-BF68-5EC4CA9E64C2}.Release|Any CPU.Build.0 = Release|Any CPU
		{67667C87-6AC8-4782-9720-9847EB754FD7}.Debug|Any CPU.ActiveCfg = Debug|Any CPU
		{67667C87-6AC8-4782-9720-9847EB754FD7}.Debug|Any CPU.Build.0 = Debug|Any CPU
		{67667C87-6AC8-4782-9720-9847EB754FD7}.Release|Any CPU.ActiveCfg = Release|Any CPU
		{67667C87-6AC8-4782-9720-9847EB754FD7}.Release|Any CPU.Build.0 = Release|Any CPU
		{AC50AC9F-4125-4FB0-9AB0-A03A64C1E6EF}.Debug|Any CPU.ActiveCfg = Debug|Any CPU
		{AC50AC9F-4125-4FB0-9AB0-A03A64C1E6EF}.Debug|Any CPU.Build.0 = Debug|Any CPU
		{AC50AC9F-4125-4FB0-9AB0-A03A64C1E6EF}.Release|Any CPU.ActiveCfg = Release|Any CPU
		{AC50AC9F-4125-4FB0-9AB0-A03A64C1E6EF}.Release|Any CPU.Build.0 = Release|Any CPU
		{81176277-7807-486D-A58D-21BFF264B3EA}.Debug|Any CPU.ActiveCfg = Debug|Any CPU
		{81176277-7807-486D-A58D-21BFF264B3EA}.Debug|Any CPU.Build.0 = Debug|Any CPU
		{81176277-7807-486D-A58D-21BFF264B3EA}.Release|Any CPU.ActiveCfg = Release|Any CPU
		{81176277-7807-486D-A58D-21BFF264B3EA}.Release|Any CPU.Build.0 = Release|Any CPU
		{52C7719C-BA3A-4136-B673-531AA9892E7F}.Debug|Any CPU.ActiveCfg = Debug|Any CPU
		{52C7719C-BA3A-4136-B673-531AA9892E7F}.Debug|Any CPU.Build.0 = Debug|Any CPU
		{52C7719C-BA3A-4136-B673-531AA9892E7F}.Release|Any CPU.ActiveCfg = Release|Any CPU
		{52C7719C-BA3A-4136-B673-531AA9892E7F}.Release|Any CPU.Build.0 = Release|Any CPU
		{80030C55-F612-448F-ADB8-F8FF867A64CB}.Debug|Any CPU.ActiveCfg = Debug|Any CPU
		{80030C55-F612-448F-ADB8-F8FF867A64CB}.Debug|Any CPU.Build.0 = Debug|Any CPU
		{80030C55-F612-448F-ADB8-F8FF867A64CB}.Release|Any CPU.ActiveCfg = Release|Any CPU
		{80030C55-F612-448F-ADB8-F8FF867A64CB}.Release|Any CPU.Build.0 = Release|Any CPU
		{9ED9F54E-41DE-425A-941E-5879BE40E0C2}.Debug|Any CPU.ActiveCfg = Debug|Any CPU
		{9ED9F54E-41DE-425A-941E-5879BE40E0C2}.Debug|Any CPU.Build.0 = Debug|Any CPU
		{9ED9F54E-41DE-425A-941E-5879BE40E0C2}.Release|Any CPU.ActiveCfg = Release|Any CPU
		{9ED9F54E-41DE-425A-941E-5879BE40E0C2}.Release|Any CPU.Build.0 = Release|Any CPU
	EndGlobalSection
	GlobalSection(SolutionProperties) = preSolution
		HideSolutionNode = FALSE
	EndGlobalSection
	GlobalSection(NestedProjects) = preSolution
		{0538018F-1F0E-43F9-A0C4-D91722621668} = {84166FA6-F60C-4692-A53E-402D99872088}
		{3A42933C-5A3F-429F-9304-D31F0778DB37} = {9F2005C8-1F16-4DE1-87D2-27E15F490FC3}
		{FB9427E4-27AC-4C39-A15D-F16640BC3742} = {9F2005C8-1F16-4DE1-87D2-27E15F490FC3}
		{CBEECCB4-8F62-4961-BDFD-60056F6F2E7C} = {1101B4F2-3ADD-47DC-BC4B-DFD5D779DC2B}
		{7FDB3E0D-6896-4D42-9F52-7F6B1A0E5D49} = {1101B4F2-3ADD-47DC-BC4B-DFD5D779DC2B}
		{6619D1A1-5602-4E0D-B516-EA3C41E3F81C} = {02E03A92-A0E5-4EE8-AE27-3027FE7F95E7}
		{8A804401-2103-4ACE-BF68-5EC4CA9E64C2} = {02E03A92-A0E5-4EE8-AE27-3027FE7F95E7}
		{67667C87-6AC8-4782-9720-9847EB754FD7} = {84166FA6-F60C-4692-A53E-402D99872088}
		{ECEFC9F7-8F56-468B-9D3D-CACC0C573F4B} = {02E03A92-A0E5-4EE8-AE27-3027FE7F95E7}
		{AC50AC9F-4125-4FB0-9AB0-A03A64C1E6EF} = {ECEFC9F7-8F56-468B-9D3D-CACC0C573F4B}
		{1101B4F2-3ADD-47DC-BC4B-DFD5D779DC2B} = {02E03A92-A0E5-4EE8-AE27-3027FE7F95E7}
		{81176277-7807-486D-A58D-21BFF264B3EA} = {1101B4F2-3ADD-47DC-BC4B-DFD5D779DC2B}
		{14BD7A14-F799-4762-8734-2F1D2F819618} = {02E03A92-A0E5-4EE8-AE27-3027FE7F95E7}
		{52C7719C-BA3A-4136-B673-531AA9892E7F} = {14BD7A14-F799-4762-8734-2F1D2F819618}
		{80030C55-F612-448F-ADB8-F8FF867A64CB} = {14BD7A14-F799-4762-8734-2F1D2F819618}
		{9ED9F54E-41DE-425A-941E-5879BE40E0C2} = {14BD7A14-F799-4762-8734-2F1D2F819618}
	EndGlobalSection
	GlobalSection(ExtensibilityGlobals) = postSolution
		SolutionGuid = {15ACB186-6E09-4EE6-BDB6-773BBB8BDC36}
	EndGlobalSection
EndGlobal
